
Microsoft Visual Studio Solution File, Format Version 12.00
Project("{FAE04EC0-301F-11D3-BF4B-00C04F79EFBC}") = "WebApi_Net", "WebApi_Net\WebApi_Net.csproj", "{DF0C5E26-E3A8-4252-8FE5-1DB6C5D99032}"
EndProject
Global
	GlobalSection(SolutionConfigurationPlatforms) = preSolution
		Debug|Any CPU = Debug|Any CPU
		Release|Any CPU = Release|Any CPU
	EndGlobalSection
	GlobalSection(ProjectConfigurationPlatforms) = postSolution
		{DF0C5E26-E3A8-4252-8FE5-1DB6C5D99032}.Debug|Any CPU.ActiveCfg = Debug|Any CPU
		{DF0C5E26-E3A8-4252-8FE5-1DB6C5D99032}.Debug|Any CPU.Build.0 = Debug|Any CPU
		{DF0C5E26-E3A8-4252-8FE5-1DB6C5D99032}.Release|Any CPU.ActiveCfg = Release|Any CPU
		{DF0C5E26-E3A8-4252-8FE5-1DB6C5D99032}.Release|Any CPU.Build.0 = Release|Any CPU
	EndGlobalSection
EndGlobal
